github.com/Bitspark/bitwire v0.6.0 h1:Da4R/tRW+hw615DrsaPJ2KwFz0s/kagKdgN9nXfOf1s=
github.com/Bitspark/bitwire v0.6.0/go.mod h1:RCsIrMm1o0hg/SlyG2LkXXSzj2CMLEhoOIuuw8XrePk=
github.com/bitspark/deixis v0.6.0 h1:YAbZiEB+wlQtZoTwLd2+3xGagsfVqmOEH0Fh+fzzaOA=
github.com/bitspark/deixis v0.6.0/go.mod h1:jw08wxGevbjoJPBnUaDX549ayvjIOOlLk5GXhIkxu5A=
github.com/coder/websocket v1.8.15 h1:6B2JPeOGlpff2Uz6vOEH1Vzpi0iUz20A+lPVhPHtNUA=
github.com/coder/websocket v1.8.15/go.mod h1:NX3SzP+inril6yawo5CQXx8+fk145lPDC6pumgx0mVg=
