{
  "name": "@bitspark/bitruntime-core",
  "version": "0.1.0",
  "lockfileVersion": 3,
  "requires": true,
  "packages": {
    "": {
      "name": "@bitspark/bitruntime-core",
      "version": "0.1.0",
      "license": "Apache-2.0",
      "dependencies": {
        "@bitspark/bitwire": "0.3.0"
      },
      "devDependencies": {
        "typescript": "5.9.3"
      }
    },
    "node_modules/@bitspark/bitwire": {
      "version": "0.3.0",
      "resolved": "https://registry.npmjs.org/@bitspark/bitwire/-/bitwire-0.3.0.tgz",
      "integrity": "sha512-6tqme+2nfJAp2xwmYIrO7hSSh+6TrJ7gPIb8SZX4dQAoZZHs/iqPPsZFv8vJsMUBejzgBxwNtOoC3PjI0KMPRw==",
      "license": "Apache-2.0"
    },
    "node_modules/typescript": {
      "version": "5.9.3",
      "resolved": "https://registry.npmjs.org/typescript/-/typescript-5.9.3.tgz",
      "integrity": "sha512-jl1vZzPDinLr9eUt3J/t7V6FgNEw9QjvBPdysz9KfQDD41fQrC2Y4vKQdiaUpFT4bXlb1RHhLpp8wtm6M5TgSw==",
      "dev": true,
      "license": "Apache-2.0",
      "bin": {
        "tsc": "bin/tsc",
        "tsserver": "bin/tsserver"
      },
      "engines": {
        "node": ">=14.17"
      }
    }
  }
}
