{
  "name": "bitruntime-interop-nightseam",
  "lockfileVersion": 3,
  "requires": true,
  "packages": {
    "": {
      "name": "bitruntime-interop-nightseam",
      "license": "Apache-2.0",
      "dependencies": {
        "@bitspark/bitwire": "0.2.0",
        "@nightseam/duplex": "0.6.0",
        "@nightseam/runtime": "0.6.0",
        "ws": "8.21.3"
      }
    },
    "node_modules/@bitspark/bitwire": {
      "version": "0.2.0",
      "resolved": "https://registry.npmjs.org/@bitspark/bitwire/-/bitwire-0.2.0.tgz",
      "integrity": "sha512-1vKXTpkzzrrStbMOH1EetDngd957DQYIT2MtAhkfgQiym6HY7RHURDGY+9h2fBjAFdGq1Izg71FyumkumKUb5Q==",
      "license": "Apache-2.0"
    },
    "node_modules/@nightseam/duplex": {
      "version": "0.6.0",
      "resolved": "https://registry.npmjs.org/@nightseam/duplex/-/duplex-0.6.0.tgz",
      "integrity": "sha512-w0IPkX12m20Jk6oDqL8qm81Jb8Kiakwh9uyKyQC+jfzHnXlA5cEKaeoD0t6FZ6Nf7NQU0salC+LhI353ymlPtA==",
      "license": "Apache-2.0",
      "dependencies": {
        "@bitspark/bitwire": "0.2.0"
      },
      "engines": {
        "node": ">=22.12.0"
      }
    },
    "node_modules/@nightseam/runtime": {
      "version": "0.6.0",
      "resolved": "https://registry.npmjs.org/@nightseam/runtime/-/runtime-0.6.0.tgz",
      "integrity": "sha512-m4S42Wxqd0Z1brJfY6H2O3Gpi1LDLTJC6tFo9eKS4BTNOSFrLCRNsSyAmdOyRCt2eWtOSYUGSob4mOSaYrhNng==",
      "license": "Apache-2.0",
      "dependencies": {
        "@nightseam/duplex": "0.6.0"
      },
      "engines": {
        "node": ">=22.12.0"
      }
    },
    "node_modules/ws": {
      "version": "8.21.3",
      "resolved": "https://registry.npmjs.org/ws/-/ws-8.21.3.tgz",
      "integrity": "sha512-201TZ/kPWxoPr/OKWjquZR1SWKXcvxdH+e1xrx89b3YbmzLMFCLfnaG1HFIgWzJOEWZ7MvpK++odZufgYR50Rw==",
      "license": "MIT",
      "engines": {
        "node": ">=10.0.0"
      },
      "peerDependencies": {
        "bufferutil": "^4.0.1",
        "utf-8-validate": ">=5.0.2"
      },
      "peerDependenciesMeta": {
        "bufferutil": {
          "optional": true
        },
        "utf-8-validate": {
          "optional": true
        }
      }
    }
  }
}
